// !$*UTF8*$!
{
	archiveVersion = 1;
	classes = {
	};
	objectVersion = 55;
	objects = {

/* Begin PBXBuildFile section */
		8D6D3FE428624AC500710F1F /* AppDelegate.swift in Sources */ = {isa = PBXBuildFile; fileRef = 8D6D3FE328624AC500710F1F /* AppDelegate.swift */; };
		8D6D3FE628624AC500710F1F /* SceneDelegate.swift in Sources */ = {isa = PBXBuildFile; fileRef = 8D6D3FE528624AC500710F1F /* SceneDelegate.swift */; };
		8D6D3FE828624AC500710F1F /* RegistrationScreenView.swift in Sources */ = {isa = PBXBuildFile; fileRef = 8D6D3FE728624AC500710F1F /* RegistrationScreenView.swift */; };
		8D6D3FED28624AC600710F1F /* Assets.xcassets in Resources */ = {isa = PBXBuildFile; fileRef = 8D6D3FEC28624AC600710F1F /* Assets.xcassets */; };
		8D6D3FF028624AC600710F1F /* LaunchScreen.storyboard in Resources */ = {isa = PBXBuildFile; fileRef = 8D6D3FEE28624AC600710F1F /* LaunchScreen.storyboard */; };
		8D6D400028624E2300710F1F /* RegistrationScreenRouter.swift in Sources */ = {isa = PBXBuildFile; fileRef = 8D6D3FFF28624E2300710F1F /* RegistrationScreenRouter.swift */; };
		8D6D400228624E3F00710F1F /* RegistrationScreenEntity.swift in Sources */ = {isa = PBXBuildFile; fileRef = 8D6D400128624E3F00710F1F /* RegistrationScreenEntity.swift */; };
		8D6D400428624E5600710F1F /* RegistrationScreenInteractor.swift in Sources */ = {isa = PBXBuildFile; fileRef = 8D6D400328624E5600710F1F /* RegistrationScreenInteractor.swift */; };
		8D6D400628624E6700710F1F /* RegistrationScreenPresentor.swift in Sources */ = {isa = PBXBuildFile; fileRef = 8D6D400528624E6700710F1F /* RegistrationScreenPresentor.swift */; };
		8D6D40082862606100710F1F /* RegistrationScreenAssembly.swift in Sources */ = {isa = PBXBuildFile; fileRef = 8D6D40072862606100710F1F /* RegistrationScreenAssembly.swift */; };
/* End PBXBuildFile section */

/* Begin PBXFileReference section */
		8D6D3FE028624AC500710F1F /* ProjectVIPER.app */ = {isa = PBXFileReference; explicitFileType = wrapper.application; includeInIndex = 0; path = ProjectVIPER.app; sourceTree = BUILT_PRODUCTS_DIR; };
		8D6D3FE328624AC500710F1F /* AppDelegate.swift */ = {isa = PBXFileReference; lastKnownFileType = sourcecode.swift; path = AppDelegate.swift; sourceTree = "<group>"; };
		8D6D3FE528624AC500710F1F /* SceneDelegate.swift */ = {isa = PBXFileReference; lastKnownFileType = sourcecode.swift; path = SceneDelegate.swift; sourceTree = "<group>"; };
		8D6D3FE728624AC500710F1F /* RegistrationScreenView.swift */ = {isa = PBXFileReference; lastKnownFileType = sourcecode.swift; path = RegistrationScreenView.swift; sourceTree = "<group>"; };
		8D6D3FEC28624AC600710F1F /* Assets.xcassets */ = {isa = PBXFileReference; lastKnownFileType = folder.assetcatalog; path = Assets.xcassets; sourceTree = "<group>"; };
		8D6D3FEF28624AC600710F1F /* Base */ = {isa = PBXFileReference; lastKnownFileType = file.storyboard; name = Base; path = Base.lproj/LaunchScreen.storyboard; sourceTree = "<group>"; };
		8D6D3FF128624AC600710F1F /* Info.plist */ = {isa = PBXFileReference; lastKnownFileType = text.plist.xml; path = Info.plist; sourceTree = "<group>"; };
		8D6D3FFF28624E2300710F1F /* RegistrationScreenRouter.swift */ = {isa = PBXFileReference; lastKnownFileType = sourcecode.swift; path = RegistrationScreenRouter.swift; sourceTree = "<group>"; };
		8D6D400128624E3F00710F1F /* RegistrationScreenEntity.swift */ = {isa = PBXFileReference; lastKnownFileType = sourcecode.swift; path = RegistrationScreenEntity.swift; sourceTree = "<group>"; };
		8D6D400328624E5600710F1F /* RegistrationScreenInteractor.swift */ = {isa = PBXFileReference; lastKnownFileType = sourcecode.swift; path = RegistrationScreenInteractor.swift; sourceTree = "<group>"; };
		8D6D400528624E6700710F1F /* RegistrationScreenPresentor.swift */ = {isa = PBXFileReference; lastKnownFileType = sourcecode.swift; path = RegistrationScreenPresentor.swift; sourceTree = "<group>"; };
		8D6D40072862606100710F1F /* RegistrationScreenAssembly.swift */ = {isa = PBXFileReference; lastKnownFileType = sourcecode.swift; path = RegistrationScreenAssembly.swift; sourceTree = "<group>"; };
/* End PBXFileReference section */

/* Begin PBXFrameworksBuildPhase section */
		8D6D3FDD28624AC500710F1F /* Frameworks */ = {
			isa = PBXFrameworksBuildPhase;
			buildActionMask = 2147483647;
			files = (
			);
			runOnlyForDeploymentPostprocessing = 0;
		};
/* End PBXFrameworksBuildPhase section */

/* Begin PBXGroup section */
		8D6D3FD728624AC500710F1F = {
			isa = PBXGroup;
			children = (
				8D6D3FE228624AC500710F1F /* ProjectVIPER */,
				8D6D3FE128624AC500710F1F /* Products */,
			);
			sourceTree = "<group>";
		};
		8D6D3FE128624AC500710F1F /* Products */ = {
			isa = PBXGroup;
			children = (
				8D6D3FE028624AC500710F1F /* ProjectVIPER.app */,
			);
			name = Products;
			sourceTree = "<group>";
		};
		8D6D3FE228624AC500710F1F /* ProjectVIPER */ = {
			isa = PBXGroup;
			children = (
				8D6D3FFD28624C9500710F1F /* Sources */,
				8D6D3FF728624BFD00710F1F /* RegistrationScreenModule */,
				8D6D3FFE28624CA700710F1F /* Resources */,
			);
			path = ProjectVIPER;
			sourceTree = "<group>";
		};
		8D6D3FF728624BFD00710F1F /* RegistrationScreenModule */ = {
			isa = PBXGroup;
			children = (
				8D6D3FF828624C1300710F1F /* Router */,
				8D6D3FF928624C2800710F1F /* Entity */,
				8D6D3FFA28624C3A00710F1F /* Interactor */,
				8D6D3FFB28624C4D00710F1F /* Presenter */,
				8D6D3FFC28624C5C00710F1F /* View */,
				8D6D40072862606100710F1F /* RegistrationScreenAssembly.swift */,
			);
			path = RegistrationScreenModule;
			sourceTree = "<group>";
		};
		8D6D3FF828624C1300710F1F /* Router */ = {
			isa = PBXGroup;
			children = (
				8D6D3FFF28624E2300710F1F /* RegistrationScreenRouter.swift */,
			);
			path = Router;
			sourceTree = "<group>";
		};
		8D6D3FF928624C2800710F1F /* Entity */ = {
			isa = PBXGroup;
			children = (
				8D6D400128624E3F00710F1F /* RegistrationScreenEntity.swift */,
			);
			path = Entity;
			sourceTree = "<group>";
		};
		8D6D3FFA28624C3A00710F1F /* Interactor */ = {
			isa = PBXGroup;
			children = (
				8D6D400328624E5600710F1F /* RegistrationScreenInteractor.swift */,
			);
			path = Interactor;
			sourceTree = "<group>";
		};
		8D6D3FFB28624C4D00710F1F /* Presenter */ = {
			isa = PBXGroup;
			children = (
				8D6D400528624E6700710F1F /* RegistrationScreenPresentor.swift */,
			);
			path = Presenter;
			sourceTree = "<group>";
		};
		8D6D3FFC28624C5C00710F1F /* View */ = {
			isa = PBXGroup;
			children = (
				8D6D3FE728624AC500710F1F /* RegistrationScreenView.swift */,
			);
			path = View;
			sourceTree = "<group>";
		};
		8D6D3FFD28624C9500710F1F /* Sources */ = {
			isa = PBXGroup;
			children = (
				8D6D3FE328624AC500710F1F /* AppDelegate.swift */,
				8D6D3FE528624AC500710F1F /* SceneDelegate.swift */,
			);
			path = Sources;
			sourceTree = "<group>";
		};
		8D6D3FFE28624CA700710F1F /* Resources */ = {
			isa = PBXGroup;
			children = (
				8D6D3FEC28624AC600710F1F /* Assets.xcassets */,
				8D6D3FEE28624AC600710F1F /* LaunchScreen.storyboard */,
				8D6D3FF128624AC600710F1F /* Info.plist */,
			);
			path = Resources;
			sourceTree = "<group>";
		};
/* End PBXGroup section */

/* Begin PBXNativeTarget section */
		8D6D3FDF28624AC500710F1F /* ProjectVIPER */ = {
			isa = PBXNativeTarget;
			buildConfigurationList = 8D6D3FF428624AC600710F1F /* Build configuration list for PBXNativeTarget "ProjectVIPER" */;
			buildPhases = (
				8D6D3FDC28624AC500710F1F /* Sources */,
				8D6D3FDD28624AC500710F1F /* Frameworks */,
				8D6D3FDE28624AC500710F1F /* Resources */,
			);
			buildRules = (
			);
			dependencies = (
			);
			name = ProjectVIPER;
			productName = ProjectVIPER;
			productReference = 8D6D3FE028624AC500710F1F /* ProjectVIPER.app */;
			productType = "com.apple.product-type.application";
		};
/* End PBXNativeTarget section */

/* Begin PBXProject section */
		8D6D3FD828624AC500710F1F /* Project object */ = {
			isa = PBXProject;
			attributes = {
				BuildIndependentTargetsInParallel = 1;
				LastSwiftUpdateCheck = 1340;
				LastUpgradeCheck = 1340;
				TargetAttributes = {
					8D6D3FDF28624AC500710F1F = {
						CreatedOnToolsVersion = 13.4.1;
					};
				};
			};
			buildConfigurationList = 8D6D3FDB28624AC500710F1F /* Build configuration list for PBXProject "ProjectVIPER" */;
			compatibilityVersion = "Xcode 13.0";
			developmentRegion = en;
			hasScannedForEncodings = 0;
			knownRegions = (
				en,
				Base,
			);
			mainGroup = 8D6D3FD728624AC500710F1F;
			productRefGroup = 8D6D3FE128624AC500710F1F /* Products */;
			projectDirPath = "";
			projectRoot = "";
			targets = (
				8D6D3FDF28624AC500710F1F /* ProjectVIPER */,
			);
		};
/* End PBXProject section */

/* Begin PBXResourcesBuildPhase section */
		8D6D3FDE28624AC500710F1F /* Resources */ = {
			isa = PBXResourcesBuildPhase;
			buildActionMask = 2147483647;
			files = (
				8D6D3FF028624AC600710F1F /* LaunchScreen.storyboard in Resources */,
				8D6D3FED28624AC600710F1F /* Assets.xcassets in Resources */,
			);
			runOnlyForDeploymentPostprocessing = 0;
		};
/* End PBXResourcesBuildPhase section */

/* Begin PBXSourcesBuildPhase section */
		8D6D3FDC28624AC500710F1F /* Sources */ = {
			isa = PBXSourcesBuildPhase;
			buildActionMask = 2147483647;
			files = (
				8D6D3FE828624AC500710F1F /* RegistrationScreenView.swift in Sources */,
				8D6D400028624E2300710F1F /* RegistrationScreenRouter.swift in Sources */,
				8D6D400628624E6700710F1F /* RegistrationScreenPresentor.swift in Sources */,
				8D6D3FE428624AC500710F1F /* AppDelegate.swift in Sources */,
				8D6D40082862606100710F1F /* RegistrationScreenAssembly.swift in Sources */,
				8D6D400428624E5600710F1F /* RegistrationScreenInteractor.swift in Sources */,
				8D6D400228624E3F00710F1F /* RegistrationScreenEntity.swift in Sources */,
				8D6D3FE628624AC500710F1F /* SceneDelegate.swift in Sources */,
			);
			runOnlyForDeploymentPostprocessing = 0;
		};
/* End PBXSourcesBuildPhase section */

/* Begin PBXVariantGroup section */
		8D6D3FEE28624AC600710F1F /* LaunchScreen.storyboard */ = {
			isa = PBXVariantGroup;
			children = (
				8D6D3FEF28624AC600710F1F /* Base */,
			);
			name = LaunchScreen.storyboard;
			sourceTree = "<group>";
		};
/* End PBXVariantGroup section */

/* Begin XCBuildConfiguration section */
		8D6D3FF228624AC600710F1F /* Debug */ = {
			isa = XCBuildConfiguration;
			buildSettings = {
				ALWAYS_SEARCH_USER_PATHS = NO;
				CLANG_ANALYZER_NONNULL = YES;
				CLANG_ANALYZER_NUMBER_OBJECT_CONVERSION = YES_AGGRESSIVE;
				CLANG_CXX_LANGUAGE_STANDARD = "gnu++17";
				CLANG_ENABLE_MODULES = YES;
				CLANG_ENABLE_OBJC_ARC = YES;
				CLANG_ENABLE_OBJC_WEAK = YES;
				CLANG_WARN_BLOCK_CAPTURE_AUTORELEASING = YES;
				CLANG_WARN_BOOL_CONVERSION = YES;
				CLANG_WARN_COMMA = YES;
				CLANG_WARN_CONSTANT_CONVERSION = YES;
				CLANG_WARN_DEPRECATED_OBJC_IMPLEMENTATIONS = YES;
				CLANG_WARN_DIRECT_OBJC_ISA_USAGE = YES_ERROR;
				CLANG_WARN_DOCUMENTATION_COMMENTS = YES;
				CLANG_WARN_EMPTY_BODY = YES;
				CLANG_WARN_ENUM_CONVERSION = YES;
				CLANG_WARN_INFINITE_RECURSION = YES;
				CLANG_WARN_INT_CONVERSION = YES;
				CLANG_WARN_NON_LITERAL_NULL_CONVERSION = YES;
				CLANG_WARN_OBJC_IMPLICIT_RETAIN_SELF = YES;
				CLANG_WARN_OBJC_LITERAL_CONVERSION = YES;
				CLANG_WARN_OBJC_ROOT_CLASS = YES_ERROR;
				CLANG_WARN_QUOTED_INCLUDE_IN_FRAMEWORK_HEADER = YES;
				CLANG_WARN_RANGE_LOOP_ANALYSIS = YES;
				CLANG_WARN_STRICT_PROTOTYPES = YES;
				CLANG_WARN_SUSPICIOUS_MOVE = YES;
				CLANG_WARN_UNGUARDED_AVAILABILITY = YES_AGGRESSIVE;
				CLANG_WARN_UNREACHABLE_CODE = YES;
				CLANG_WARN__DUPLICATE_METHOD_MATCH = YES;
				COPY_PHASE_STRIP = NO;
				DEBUG_INFORMATION_FORMAT = dwarf;
				ENABLE_STRICT_OBJC_MSGSEND = YES;
				ENABLE_TESTABILITY = YES;
				GCC_C_LANGUAGE_STANDARD = gnu11;
				GCC_DYNAMIC_NO_PIC = NO;
				GCC_NO_COMMON_BLOCKS = YES;
				GCC_OPTIMIZATION_LEVEL = 0;
				GCC_PREPROCESSOR_DEFINITIONS = (
					"DEBUG=1",
					"$(inherited)",
				);
				GCC_WARN_64_TO_32_BIT_CONVERSION = YES;
				GCC_WARN_ABOUT_RETURN_TYPE = YES_ERROR;
				GCC_WARN_UNDECLARED_SELECTOR = YES;
				GCC_WARN_UNINITIALIZED_AUTOS = YES_AGGRESSIVE;
				GCC_WARN_UNUSED_FUNCTION = YES;
				GCC_WARN_UNUSED_VARIABLE = YES;
				IPHONEOS_DEPLOYMENT_TARGET = 15.5;
				MTL_ENABLE_DEBUG_INFO = INCLUDE_SOURCE;
				MTL_FAST_MATH = YES;
				ONLY_ACTIVE_ARCH = YES;
				SDKROOT = iphoneos;
				SWIFT_ACTIVE_COMPILATION_CONDITIONS = DEBUG;
				SWIFT_OPTIMIZATION_LEVEL = "-Onone";
			};
			name = Debug;
		};
		8D6D3FF328624AC600710F1F /* Release */ = {
			isa = XCBuildConfiguration;
			buildSettings = {
				ALWAYS_SEARCH_USER_PATHS = NO;
				CLANG_ANALYZER_NONNULL = YES;
				CLANG_ANALYZER_NUMBER_OBJECT_CONVERSION = YES_AGGRESSIVE;
				CLANG_CXX_LANGUAGE_STANDARD = "gnu++17";
				CLANG_ENABLE_MODULES = YES;
				CLANG_ENABLE_OBJC_ARC = YES;
				CLANG_ENABLE_OBJC_WEAK = YES;
				CLANG_WARN_BLOCK_CAPTURE_AUTORELEASING = YES;
				CLANG_WARN_BOOL_CONVERSION = YES;
				CLANG_WARN_COMMA = YES;
				CLANG_WARN_CONSTANT_CONVERSION = YES;
				CLANG_WARN_DEPRECATED_OBJC_IMPLEMENTATIONS = YES;
				CLANG_WARN_DIRECT_OBJC_ISA_USAGE = YES_ERROR;
				CLANG_WARN_DOCUMENTATION_COMMENTS = YES;
				CLANG_WARN_EMPTY_BODY = YES;
				CLANG_WARN_ENUM_CONVERSION = YES;
				CLANG_WARN_INFINITE_RECURSION = YES;
				CLANG_WARN_INT_CONVERSION = YES;
				CLANG_WARN_NON_LITERAL_NULL_CONVERSION = YES;
				CLANG_WARN_OBJC_IMPLICIT_RETAIN_SELF = YES;
				CLANG_WARN_OBJC_LITERAL_CONVERSION = YES;
				CLANG_WARN_OBJC_ROOT_CLASS = YES_ERROR;
				CLANG_WARN_QUOTED_INCLUDE_IN_FRAMEWORK_HEADER = YES;
				CLANG_WARN_RANGE_LOOP_ANALYSIS = YES;
				CLANG_WARN_STRICT_PROTOTYPES = YES;
				CLANG_WARN_SUSPICIOUS_MOVE = YES;
				CLANG_WARN_UNGUARDED_AVAILABILITY = YES_AGGRESSIVE;
				CLANG_WARN_UNREACHABLE_CODE = YES;
				CLANG_WARN__DUPLICATE_METHOD_MATCH = YES;
				COPY_PHASE_STRIP = NO;
				DEBUG_INFORMATION_FORMAT = "dwarf-with-dsym";
				ENABLE_NS_ASSERTIONS = NO;
				ENABLE_STRICT_OBJC_MSGSEND = YES;
				GCC_C_LANGUAGE_STANDARD = gnu11;
				GCC_NO_COMMON_BLOCKS = YES;
				GCC_WARN_64_TO_32_BIT_CONVERSION = YES;
				GCC_WARN_ABOUT_RETURN_TYPE = YES_ERROR;
				GCC_WARN_UNDECLARED_SELECTOR = YES;
				GCC_WARN_UNINITIALIZED_AUTOS = YES_AGGRESSIVE;
				GCC_WARN_UNUSED_FUNCTION = YES;
				GCC_WARN_UNUSED_VARIABLE = YES;
				IPHONEOS_DEPLOYMENT_TARGET = 15.5;
				MTL_ENABLE_DEBUG_INFO = NO;
				MTL_FAST_MATH = YES;
				SDKROOT = iphoneos;
				SWIFT_COMPILATION_MODE = wholemodule;
				SWIFT_OPTIMIZATION_LEVEL = "-O";
				VALIDATE_PRODUCT = YES;
			};
			name = Release;
		};
		8D6D3FF528624AC600710F1F /* Debug */ = {
			isa = XCBuildConfiguration;
			buildSettings = {
				ASSETCATALOG_COMPILER_APPICON_NAME = AppIcon;
				ASSETCATALOG_COMPILER_GLOBAL_ACCENT_COLOR_NAME = AccentColor;
				CODE_SIGN_STYLE = Automatic;
				CURRENT_PROJECT_VERSION = 1;
				DEVELOPMENT_TEAM = 6S5M6D9C92;
				GENERATE_INFOPLIST_FILE = YES;
				INFOPLIST_FILE = ProjectVIPER/Resources/Info.plist;
				INFOPLIST_KEY_UIApplicationSupportsIndirectInputEvents = YES;
				INFOPLIST_KEY_UILaunchStoryboardName = LaunchScreen;
				INFOPLIST_KEY_UISupportedInterfaceOrientations_iPad = "UIInterfaceOrientationPortrait UIInterfaceOrientationPortraitUpsideDown UIInterfaceOrientationLandscapeLeft UIInterfaceOrientationLandscapeRight";
				INFOPLIST_KEY_UISupportedInterfaceOrientations_iPhone = "UIInterfaceOrientationPortrait UIInterfaceOrientationLandscapeLeft UIInterfaceOrientationLandscapeRight";
				LD_RUNPATH_SEARCH_PATHS = (
					"$(inherited)",
					"@executable_path/Frameworks",
				);
				MARKETING_VERSION = 1.0;
				PRODUCT_BUNDLE_IDENTIFIER = com.my.ProjectVIPER;
				PRODUCT_NAME = "$(TARGET_NAME)";
				SWIFT_EMIT_LOC_STRINGS = YES;
				SWIFT_VERSION = 5.0;
				TARGETED_DEVICE_FAMILY = "1,2";
			};
			name = Debug;
		};
		8D6D3FF628624AC600710F1F /* Release */ = {
			isa = XCBuildConfiguration;
			buildSettings = {
				ASSETCATALOG_COMPILER_APPICON_NAME = AppIcon;
				ASSETCATALOG_COMPILER_GLOBAL_ACCENT_COLOR_NAME = AccentColor;
				CODE_SIGN_STYLE = Automatic;
				CURRENT_PROJECT_VERSION = 1;
				DEVELOPMENT_TEAM = 6S5M6D9C92;
				GENERATE_INFOPLIST_FILE = YES;
				INFOPLIST_FILE = ProjectVIPER/Resources/Info.plist;
				INFOPLIST_KEY_UIApplicationSupportsIndirectInputEvents = YES;
				INFOPLIST_KEY_UILaunchStoryboardName = LaunchScreen;
				INFOPLIST_KEY_UISupportedInterfaceOrientations_iPad = "UIInterfaceOrientationPortrait UIInterfaceOrientationPortraitUpsideDown UIInterfaceOrientationLandscapeLeft UIInterfaceOrientationLandscapeRight";
				INFOPLIST_KEY_UISupportedInterfaceOrientations_iPhone = "UIInterfaceOrientationPortrait UIInterfaceOrientationLandscapeLeft UIInterfaceOrientationLandscapeRight";
				LD_RUNPATH_SEARCH_PATHS = (
					"$(inherited)",
					"@executable_path/Frameworks",
				);
				MARKETING_VERSION = 1.0;
				PRODUCT_BUNDLE_IDENTIFIER = com.my.ProjectVIPER;
				PRODUCT_NAME = "$(TARGET_NAME)";
				SWIFT_EMIT_LOC_STRINGS = YES;
				SWIFT_VERSION = 5.0;
				TARGETED_DEVICE_FAMILY = "1,2";
			};
			name = Release;
		};
/* End XCBuildConfiguration section */

/* Begin XCConfigurationList section */
		8D6D3FDB28624AC500710F1F /* Build configuration list for PBXProject "ProjectVIPER" */ = {
			isa = XCConfigurationList;
			buildConfigurations = (
				8D6D3FF228624AC600710F1F /* Debug */,
				8D6D3FF328624AC600710F1F /* Release */,
			);
			defaultConfigurationIsVisible = 0;
			defaultConfigurationName = Release;
		};
		8D6D3FF428624AC600710F1F /* Build configuration list for PBXNativeTarget "ProjectVIPER" */ = {
			isa = XCConfigurationList;
			buildConfigurations = (
				8D6D3FF528624AC600710F1F /* Debug */,
				8D6D3FF628624AC600710F1F /* Release */,
			);
			defaultConfigurationIsVisible = 0;
			defaultConfigurationName = Release;
		};
/* End XCConfigurationList section */
	};
	rootObject = 8D6D3FD828624AC500710F1F /* Project object */;
}
